
Microsoft Visual Studio Solution File, Format Version 12.00
# Visual Studio 15
VisualStudioVersion = 15.0.26127.0
MinimumVisualStudioVersion = 10.0.40219.1
Project("{FAE04EC0-301F-11D3-BF4B-00C04F79EFBC}") = "StringTemplateCmdlet", "StringTemplateCmdlet\StringTemplateCmdlet.csproj", "{F8A73675-C6D9-4709-B873-F28605BA1E74}"
EndProject
Project("{FAE04EC0-301F-11D3-BF4B-00C04F79EFBC}") = "Antlr4.StringTemplate.net35-client", "antlrcs\Antlr4.StringTemplate\Antlr4.StringTemplate.net35-client.csproj", "{DE9B7DA2-35DD-46CC-B768-DAEE3C298660}"
EndProject
Project("{F5034706-568F-408A-B7B3-4D38C6DB8A32}") = "StringTemplateCmdlet.Test", "StringTemplateCmdlet.Test\StringTemplateCmdlet.Test.pssproj", "{9A8C5448-5FBF-4490-BD73-D8B0D99F5175}"
EndProject
Project("{FAE04EC0-301F-11D3-BF4B-00C04F79EFBC}") = "Antlr4.StringTemplate.Visualizer.net35-client", "antlrcs\Antlr4.StringTemplate.Visualizer\Antlr4.StringTemplate.Visualizer.net35-client.csproj", "{DC0A9616-0B69-4A3B-ADC7-62FCA9207B98}"
EndProject
Project("{151D2E53-A2C4-4D7D-83FE-D05416EBD58E}") = "simplelinux", "samples\simplelinux\simplelinux.deployproj", "{D6B25EA8-7401-4DAA-A913-FF09B6717ECB}"
EndProject
Project("{F5034706-568F-408A-B7B3-4D38C6DB8A32}") = "ArmTemplate.Test", "ArmTemplate.Test\ArmTemplate.Test.pssproj", "{6CAFC0C6-A428-4D30-A9F9-700E829FEA51}"
EndProject
Project("{F5034706-568F-408A-B7B3-4D38C6DB8A32}") = "azure-ssh", "samples\azure-ssh\azure-ssh.pssproj", "{88A1E16F-9F26-499B-AFBD-EBE65B546287}"
EndProject
Global
	GlobalSection(SolutionConfigurationPlatforms) = preSolution
		Debug|Any CPU = Debug|Any CPU
		Release|Any CPU = Release|Any CPU
	EndGlobalSection
	GlobalSection(ProjectConfigurationPlatforms) = postSolution
		{F8A73675-C6D9-4709-B873-F28605BA1E74}.Debug|Any CPU.ActiveCfg = Debug|Any CPU
		{F8A73675-C6D9-4709-B873-F28605BA1E74}.Debug|Any CPU.Build.0 = Debug|Any CPU
		{F8A73675-C6D9-4709-B873-F28605BA1E74}.Release|Any CPU.ActiveCfg = Release|Any CPU
		{F8A73675-C6D9-4709-B873-F28605BA1E74}.Release|Any CPU.Build.0 = Release|Any CPU
		{DE9B7DA2-35DD-46CC-B768-DAEE3C298660}.Debug|Any CPU.ActiveCfg = Debug|Any CPU
		{DE9B7DA2-35DD-46CC-B768-DAEE3C298660}.Debug|Any CPU.Build.0 = Debug|Any CPU
		{DE9B7DA2-35DD-46CC-B768-DAEE3C298660}.Release|Any CPU.ActiveCfg = Release|Any CPU
		{DE9B7DA2-35DD-46CC-B768-DAEE3C298660}.Release|Any CPU.Build.0 = Release|Any CPU
		{9A8C5448-5FBF-4490-BD73-D8B0D99F5175}.Debug|Any CPU.ActiveCfg = Debug|Any CPU
		{9A8C5448-5FBF-4490-BD73-D8B0D99F5175}.Debug|Any CPU.Build.0 = Debug|Any CPU
		{9A8C5448-5FBF-4490-BD73-D8B0D99F5175}.Release|Any CPU.ActiveCfg = Release|Any CPU
		{9A8C5448-5FBF-4490-BD73-D8B0D99F5175}.Release|Any CPU.Build.0 = Release|Any CPU
		{DC0A9616-0B69-4A3B-ADC7-62FCA9207B98}.Debug|Any CPU.ActiveCfg = Debug|Any CPU
		{DC0A9616-0B69-4A3B-ADC7-62FCA9207B98}.Debug|Any CPU.Build.0 = Debug|Any CPU
		{DC0A9616-0B69-4A3B-ADC7-62FCA9207B98}.Release|Any CPU.ActiveCfg = Release|Any CPU
		{DC0A9616-0B69-4A3B-ADC7-62FCA9207B98}.Release|Any CPU.Build.0 = Release|Any CPU
		{D6B25EA8-7401-4DAA-A913-FF09B6717ECB}.Debug|Any CPU.ActiveCfg = Debug|Any CPU
		{D6B25EA8-7401-4DAA-A913-FF09B6717ECB}.Debug|Any CPU.Build.0 = Debug|Any CPU
		{D6B25EA8-7401-4DAA-A913-FF09B6717ECB}.Release|Any CPU.ActiveCfg = Release|Any CPU
		{D6B25EA8-7401-4DAA-A913-FF09B6717ECB}.Release|Any CPU.Build.0 = Release|Any CPU
		{6CAFC0C6-A428-4D30-A9F9-700E829FEA51}.Debug|Any CPU.ActiveCfg = Debug|Any CPU
		{6CAFC0C6-A428-4D30-A9F9-700E829FEA51}.Debug|Any CPU.Build.0 = Debug|Any CPU
		{6CAFC0C6-A428-4D30-A9F9-700E829FEA51}.Release|Any CPU.ActiveCfg = Release|Any CPU
		{6CAFC0C6-A428-4D30-A9F9-700E829FEA51}.Release|Any CPU.Build.0 = Release|Any CPU
		{88A1E16F-9F26-499B-AFBD-EBE65B546287}.Debug|Any CPU.ActiveCfg = Debug|Any CPU
		{88A1E16F-9F26-499B-AFBD-EBE65B546287}.Debug|Any CPU.Build.0 = Debug|Any CPU
		{88A1E16F-9F26-499B-AFBD-EBE65B546287}.Release|Any CPU.ActiveCfg = Release|Any CPU
		{88A1E16F-9F26-499B-AFBD-EBE65B546287}.Release|Any CPU.Build.0 = Release|Any CPU
	EndGlobalSection
	GlobalSection(SolutionProperties) = preSolution
		HideSolutionNode = FALSE
	EndGlobalSection
EndGlobal
